
Microsoft Visual Studio Solution File, Format Version 12.00
# Visual Studio Version 17
VisualStudioVersion = 17.0.31903.59
MinimumVisualStudioVersion = 10.0.40219.1
Project("{2150E333-8FDC-42A3-9474-1A3956D46DE8}") = "src", "src", "{827E0CD3-B72D-47B6-A68D-7590B98EB39B}"
EndProject
Project("{FAE04EC0-301F-11D3-BF4B-00C04F79EFBC}") = "Chatbot.Api", "src\Chatbot.Api\Chatbot.Api.csproj", "{EC883AC0-A936-476F-9043-49105F05AF2D}"
EndProject
Project("{FAE04EC0-301F-11D3-BF4B-00C04F79EFBC}") = "Chatbot.Application", "src\Chatbot.Application\Chatbot.Application.csproj", "{8DBACE25-0B5C-4563-8762-8BB5CB8934AE}"
EndProject
Project("{FAE04EC0-301F-11D3-BF4B-00C04F79EFBC}") = "Chatbot.Domain", "src\Chatbot.Domain\Chatbot.Domain.csproj", "{BB2C99C7-9C56-4BB3-B66F-51A1F97A2AEB}"
EndProject
Project("{FAE04EC0-301F-11D3-BF4B-00C04F79EFBC}") = "Chatbot.Infrastructure", "src\Chatbot.Infrastructure\Chatbot.Infrastructure.csproj", "{2E816C03-1DD1-4A17-8699-4D5C935772DB}"
EndProject
Project("{FAE04EC0-301F-11D3-BF4B-00C04F79EFBC}") = "Chatbot.Web", "src\Chatbot.Web\Chatbot.Web.csproj", "{F18BFBBF-48CD-4C52-96FA-CC7EAC2372FC}"
EndProject
Project("{2150E333-8FDC-42A3-9474-1A3956D46DE8}") = "tests", "tests", "{0AB3BF05-4346-4AA6-1389-037BE0695223}"
EndProject
Project("{FAE04EC0-301F-11D3-BF4B-00C04F79EFBC}") = "Chatbot.IntegrationTests", "tests\Chatbot.IntegrationTests\Chatbot.IntegrationTests.csproj", "{6EC29EB6-9233-4143-A048-AC2DFD2CCB5D}"
EndProject
Project("{FAE04EC0-301F-11D3-BF4B-00C04F79EFBC}") = "Chatbot.UnitTests", "tests\Chatbot.UnitTests\Chatbot.UnitTests.csproj", "{BA61146B-B87A-4643-BD73-DF887E3061DA}"
EndProject
Global
	GlobalSection(SolutionConfigurationPlatforms) = preSolution
		Debug|Any CPU = Debug|Any CPU
		Debug|x64 = Debug|x64
		Debug|x86 = Debug|x86
		Release|Any CPU = Release|Any CPU
		Release|x64 = Release|x64
		Release|x86 = Release|x86
	EndGlobalSection
	GlobalSection(ProjectConfigurationPlatforms) = postSolution
		{EC883AC0-A936-476F-9043-49105F05AF2D}.Debug|Any CPU.ActiveCfg = Debug|Any CPU
		{EC883AC0-A936-476F-9043-49105F05AF2D}.Debug|Any CPU.Build.0 = Debug|Any CPU
		{EC883AC0-A936-476F-9043-49105F05AF2D}.Debug|x64.ActiveCfg = Debug|Any CPU
		{EC883AC0-A936-476F-9043-49105F05AF2D}.Debug|x64.Build.0 = Debug|Any CPU
		{EC883AC0-A936-476F-9043-49105F05AF2D}.Debug|x86.ActiveCfg = Debug|Any CPU
		{EC883AC0-A936-476F-9043-49105F05AF2D}.Debug|x86.Build.0 = Debug|Any CPU
		{EC883AC0-A936-476F-9043-49105F05AF2D}.Release|Any CPU.ActiveCfg = Release|Any CPU
		{EC883AC0-A936-476F-9043-49105F05AF2D}.Release|Any CPU.Build.0 = Release|Any CPU
		{EC883AC0-A936-476F-9043-49105F05AF2D}.Release|x64.ActiveCfg = Release|Any CPU
		{EC883AC0-A936-476F-9043-49105F05AF2D}.Release|x64.Build.0 = Release|Any CPU
		{EC883AC0-A936-476F-9043-49105F05AF2D}.Release|x86.ActiveCfg = Release|Any CPU
		{EC883AC0-A936-476F-9043-49105F05AF2D}.Release|x86.Build.0 = Release|Any CPU
		{8DBACE25-0B5C-4563-8762-8BB5CB8934AE}.Debug|Any CPU.ActiveCfg = Debug|Any CPU
		{8DBACE25-0B5C-4563-8762-8BB5CB8934AE}.Debug|Any CPU.Build.0 = Debug|Any CPU
		{8DBACE25-0B5C-4563-8762-8BB5CB8934AE}.Debug|x64.ActiveCfg = Debug|Any CPU
		{8DBACE25-0B5C-4563-8762-8BB5CB8934AE}.Debug|x64.Build.0 = Debug|Any CPU
		{8DBACE25-0B5C-4563-8762-8BB5CB8934AE}.Debug|x86.ActiveCfg = Debug|Any CPU
		{8DBACE25-0B5C-4563-8762-8BB5CB8934AE}.Debug|x86.Build.0 = Debug|Any CPU
		{8DBACE25-0B5C-4563-8762-8BB5CB8934AE}.Release|Any CPU.ActiveCfg = Release|Any CPU
		{8DBACE25-0B5C-4563-8762-8BB5CB8934AE}.Release|Any CPU.Build.0 = Release|Any CPU
		{8DBACE25-0B5C-4563-8762-8BB5CB8934AE}.Release|x64.ActiveCfg = Release|Any CPU
		{8DBACE25-0B5C-4563-8762-8BB5CB8934AE}.Release|x64.Build.0 = Release|Any CPU
		{8DBACE25-0B5C-4563-8762-8BB5CB8934AE}.Release|x86.ActiveCfg = Release|Any CPU
		{8DBACE25-0B5C-4563-8762-8BB5CB8934AE}.Release|x86.Build.0 = Release|Any CPU
		{BB2C99C7-9C56-4BB3-B66F-51A1F97A2AEB}.Debug|Any CPU.ActiveCfg = Debug|Any CPU
		{BB2C99C7-9C56-4BB3-B66F-51A1F97A2AEB}.Debug|Any CPU.Build.0 = Debug|Any CPU
		{BB2C99C7-9C56-4BB3-B66F-51A1F97A2AEB}.Debug|x64.ActiveCfg = Debug|Any CPU
		{BB2C99C7-9C56-4BB3-B66F-51A1F97A2AEB}.Debug|x64.Build.0 = Debug|Any CPU
		{BB2C99C7-9C56-4BB3-B66F-51A1F97A2AEB}.Debug|x86.ActiveCfg = Debug|Any CPU
		{BB2C99C7-9C56-4BB3-B66F-51A1F97A2AEB}.Debug|x86.Build.0 = Debug|Any CPU
		{BB2C99C7-9C56-4BB3-B66F-51A1F97A2AEB}.Release|Any CPU.ActiveCfg = Release|Any CPU
		{BB2C99C7-9C56-4BB3-B66F-51A1F97A2AEB}.Release|Any CPU.Build.0 = Release|Any CPU
		{BB2C99C7-9C56-4BB3-B66F-51A1F97A2AEB}.Release|x64.ActiveCfg = Release|Any CPU
		{BB2C99C7-9C56-4BB3-B66F-51A1F97A2AEB}.Release|x64.Build.0 = Release|Any CPU
		{BB2C99C7-9C56-4BB3-B66F-51A1F97A2AEB}.Release|x86.ActiveCfg = Release|Any CPU
		{BB2C99C7-9C56-4BB3-B66F-51A1F97A2AEB}.Release|x86.Build.0 = Release|Any CPU
		{2E816C03-1DD1-4A17-8699-4D5C935772DB}.Debug|Any CPU.ActiveCfg = Debug|Any CPU
		{2E816C03-1DD1-4A17-8699-4D5C935772DB}.Debug|Any CPU.Build.0 = Debug|Any CPU
		{2E816C03-1DD1-4A17-8699-4D5C935772DB}.Debug|x64.ActiveCfg = Debug|Any CPU
		{2E816C03-1DD1-4A17-8699-4D5C935772DB}.Debug|x64.Build.0 = Debug|Any CPU
		{2E816C03-1DD1-4A17-8699-4D5C935772DB}.Debug|x86.ActiveCfg = Debug|Any CPU
		{2E816C03-1DD1-4A17-8699-4D5C935772DB}.Debug|x86.Build.0 = Debug|Any CPU
		{2E816C03-1DD1-4A17-8699-4D5C935772DB}.Release|Any CPU.ActiveCfg = Release|Any CPU
		{2E816C03-1DD1-4A17-8699-4D5C935772DB}.Release|Any CPU.Build.0 = Release|Any CPU
		{2E816C03-1DD1-4A17-8699-4D5C935772DB}.Release|x64.ActiveCfg = Release|Any CPU
		{2E816C03-1DD1-4A17-8699-4D5C935772DB}.Release|x64.Build.0 = Release|Any CPU
		{2E816C03-1DD1-4A17-8699-4D5C935772DB}.Release|x86.ActiveCfg = Release|Any CPU
		{2E816C03-1DD1-4A17-8699-4D5C935772DB}.Release|x86.Build.0 = Release|Any CPU
		{F18BFBBF-48CD-4C52-96FA-CC7EAC2372FC}.Debug|Any CPU.ActiveCfg = Debug|Any CPU
		{F18BFBBF-48CD-4C52-96FA-CC7EAC2372FC}.Debug|Any CPU.Build.0 = Debug|Any CPU
		{F18BFBBF-48CD-4C52-96FA-CC7EAC2372FC}.Debug|x64.ActiveCfg = Debug|Any CPU
		{F18BFBBF-48CD-4C52-96FA-CC7EAC2372FC}.Debug|x64.Build.0 = Debug|Any CPU
		{F18BFBBF-48CD-4C52-96FA-CC7EAC2372FC}.Debug|x86.ActiveCfg = Debug|Any CPU
		{F18BFBBF-48CD-4C52-96FA-CC7EAC2372FC}.Debug|x86.Build.0 = Debug|Any CPU
		{F18BFBBF-48CD-4C52-96FA-CC7EAC2372FC}.Release|Any CPU.ActiveCfg = Release|Any CPU
		{F18BFBBF-48CD-4C52-96FA-CC7EAC2372FC}.Release|Any CPU.Build.0 = Release|Any CPU
		{F18BFBBF-48CD-4C52-96FA-CC7EAC2372FC}.Release|x64.ActiveCfg = Release|Any CPU
		{F18BFBBF-48CD-4C52-96FA-CC7EAC2372FC}.Release|x64.Build.0 = Release|Any CPU
		{F18BFBBF-48CD-4C52-96FA-CC7EAC2372FC}.Release|x86.ActiveCfg = Release|Any CPU
		{F18BFBBF-48CD-4C52-96FA-CC7EAC2372FC}.Release|x86.Build.0 = Release|Any CPU
		{6EC29EB6-9233-4143-A048-AC2DFD2CCB5D}.Debug|Any CPU.ActiveCfg = Debug|Any CPU
		{6EC29EB6-9233-4143-A048-AC2DFD2CCB5D}.Debug|Any CPU.Build.0 = Debug|Any CPU
		{6EC29EB6-9233-4143-A048-AC2DFD2CCB5D}.Debug|x64.ActiveCfg = Debug|Any CPU
		{6EC29EB6-9233-4143-A048-AC2DFD2CCB5D}.Debug|x64.Build.0 = Debug|Any CPU
		{6EC29EB6-9233-4143-A048-AC2DFD2CCB5D}.Debug|x86.ActiveCfg = Debug|Any CPU
		{6EC29EB6-9233-4143-A048-AC2DFD2CCB5D}.Debug|x86.Build.0 = Debug|Any CPU
		{6EC29EB6-9233-4143-A048-AC2DFD2CCB5D}.Release|Any CPU.ActiveCfg = Release|Any CPU
		{6EC29EB6-9233-4143-A048-AC2DFD2CCB5D}.Release|Any CPU.Build.0 = Release|Any CPU
		{6EC29EB6-9233-4143-A048-AC2DFD2CCB5D}.Release|x64.ActiveCfg = Release|Any CPU
		{6EC29EB6-9233-4143-A048-AC2DFD2CCB5D}.Release|x64.Build.0 = Release|Any CPU
		{6EC29EB6-9233-4143-A048-AC2DFD2CCB5D}.Release|x86.ActiveCfg = Release|Any CPU
		{6EC29EB6-9233-4143-A048-AC2DFD2CCB5D}.Release|x86.Build.0 = Release|Any CPU
		{BA61146B-B87A-4643-BD73-DF887E3061DA}.Debug|Any CPU.ActiveCfg = Debug|Any CPU
		{BA61146B-B87A-4643-BD73-DF887E3061DA}.Debug|Any CPU.Build.0 = Debug|Any CPU
		{BA61146B-B87A-4643-BD73-DF887E3061DA}.Debug|x64.ActiveCfg = Debug|Any CPU
		{BA61146B-B87A-4643-BD73-DF887E3061DA}.Debug|x64.Build.0 = Debug|Any CPU
		{BA61146B-B87A-4643-BD73-DF887E3061DA}.Debug|x86.ActiveCfg = Debug|Any CPU
		{BA61146B-B87A-4643-BD73-DF887E3061DA}.Debug|x86.Build.0 = Debug|Any CPU
		{BA61146B-B87A-4643-BD73-DF887E3061DA}.Release|Any CPU.ActiveCfg = Release|Any CPU
		{BA61146B-B87A-4643-BD73-DF887E3061DA}.Release|Any CPU.Build.0 = Release|Any CPU
		{BA61146B-B87A-4643-BD73-DF887E3061DA}.Release|x64.ActiveCfg = Release|Any CPU
		{BA61146B-B87A-4643-BD73-DF887E3061DA}.Release|x64.Build.0 = Release|Any CPU
		{BA61146B-B87A-4643-BD73-DF887E3061DA}.Release|x86.ActiveCfg = Release|Any CPU
		{BA61146B-B87A-4643-BD73-DF887E3061DA}.Release|x86.Build.0 = Release|Any CPU
	EndGlobalSection
	GlobalSection(SolutionProperties) = preSolution
		HideSolutionNode = FALSE
	EndGlobalSection
	GlobalSection(NestedProjects) = preSolution
		{EC883AC0-A936-476F-9043-49105F05AF2D} = {827E0CD3-B72D-47B6-A68D-7590B98EB39B}
		{8DBACE25-0B5C-4563-8762-8BB5CB8934AE} = {827E0CD3-B72D-47B6-A68D-7590B98EB39B}
		{BB2C99C7-9C56-4BB3-B66F-51A1F97A2AEB} = {827E0CD3-B72D-47B6-A68D-7590B98EB39B}
		{2E816C03-1DD1-4A17-8699-4D5C935772DB} = {827E0CD3-B72D-47B6-A68D-7590B98EB39B}
		{F18BFBBF-48CD-4C52-96FA-CC7EAC2372FC} = {827E0CD3-B72D-47B6-A68D-7590B98EB39B}
		{6EC29EB6-9233-4143-A048-AC2DFD2CCB5D} = {0AB3BF05-4346-4AA6-1389-037BE0695223}
		{BA61146B-B87A-4643-BD73-DF887E3061DA} = {0AB3BF05-4346-4AA6-1389-037BE0695223}
	EndGlobalSection
EndGlobal
